{
	"name": "lsp-sample-server",
	"version": "1.0.0",
	"lockfileVersion": 1,
	"requires": true,
	"dependencies": {
		"@blastjs/blast-tools": {
			"version": "0.1.2",
			"resolved": "https://registry.npmjs.org/@blastjs/blast-tools/-/blast-tools-0.1.2.tgz",
			"integrity": "sha512-8fGwcSgRp7HPQfTiSwnFlJVnRF9i0qe9NCOrYD5KLPRTtdpBRztg/L01sxurBJJ7z53M7U0ybF4oqBvSk1p2tQ==",
			"requires": {
				"@blastjs/html-tools": "^0.1.1",
				"@blastjs/htmljs": "^0.1.0",
				"@blastjs/mongo-id": "^0.1.2",
				"@blastjs/reactive-dict": "^1.0.9",
				"@blastjs/tracker": "^1.0.5"
			}
		},
		"@blastjs/html-tools": {
			"version": "0.1.2",
			"resolved": "https://registry.npmjs.org/@blastjs/html-tools/-/html-tools-0.1.2.tgz",
			"integrity": "sha512-F+modnE/JzHNA6RgKOTOrIx4x2yWlqZpJHq1or25DXf8IOsogTYBQVwciCK65X5jtzblE0FaovORj0hu6t0v2w==",
			"requires": {
				"@blastjs/htmljs": "^0.1.0"
			}
		},
		"@blastjs/htmljs": {
			"version": "0.1.2",
			"resolved": "https://registry.npmjs.org/@blastjs/htmljs/-/htmljs-0.1.2.tgz",
			"integrity": "sha512-2cLaw8uRvvQzV0SlttlgSUmNj5bQCqwJNZOIXw6WBXs+wTmTCBBLyBKRBssIFiH6E7qj3WMx9K44a6vUGn+1vw=="
		},
		"@blastjs/mongo-id": {
			"version": "0.1.3",
			"resolved": "https://registry.npmjs.org/@blastjs/mongo-id/-/mongo-id-0.1.3.tgz",
			"integrity": "sha512-LEEuMVBXWv5JXeZqn6p8DGbfFBjhMUUh4+yYjeO8yuha5inNp2YbByANeR7OrmlJc6wIebOdwPyg2qW6LYwLbg==",
			"requires": {
				"@reactioncommerce/random": "^1.0.2",
				"ejson": "^2.2.1"
			}
		},
		"@blastjs/reactive-dict": {
			"version": "1.0.12",
			"resolved": "https://registry.npmjs.org/@blastjs/reactive-dict/-/reactive-dict-1.0.12.tgz",
			"integrity": "sha512-dHKtwcR14LCW9BzGaqckJKo7xsvmpuS7xJLrel6MRH8gSfV8JsIllp+ayW0bYyX9g9KdHCHf92VfxTbeWojH6g==",
			"requires": {
				"@blastjs/mongo-id": "^0.1.2",
				"@blastjs/tracker": "^1.0.5",
				"@reactioncommerce/random": "^1.0.2",
				"ejson": "^2.2.1"
			}
		},
		"@blastjs/spacebars-compiler": {
			"version": "1.2.2",
			"resolved": "https://registry.npmjs.org/@blastjs/spacebars-compiler/-/spacebars-compiler-1.2.2.tgz",
			"integrity": "sha512-7RIus0mYRqBMdLYWOxtJfA3C0h/eUgrlIaUt/oOJVp8mTBrHdHMCDeGUSF2nd2p8mAjh5dxel6t1KCPUDf/mag==",
			"requires": {
				"@blastjs/blast-tools": "^0.1.0",
				"@blastjs/html-tools": "^0.1.1",
				"@blastjs/htmljs": "^0.1.0",
				"uglify-js": "2.7.5"
			}
		},
		"@blastjs/tracker": {
			"version": "1.0.5",
			"resolved": "https://registry.npmjs.org/@blastjs/tracker/-/tracker-1.0.5.tgz",
			"integrity": "sha512-hfk36k7Z3fIUlyV6hZE/cwMX9CeAoG/d4r9dZg5kfAeHoHevVowaj/eSARA4EsWyYcX0IU6yGiJzpG2LEY89eg==",
			"requires": {
				"setasap": "^2.0.1"
			}
		},
		"@reactioncommerce/random": {
			"version": "1.0.2",
			"resolved": "https://registry.npmjs.org/@reactioncommerce/random/-/random-1.0.2.tgz",
			"integrity": "sha512-02eARZh6FQ45tEXXZUwnz90XWQasLpnV140CcuOl/L3dhEL4Emu2oCZemVhKvNb2JMmm5vOG2Y0CUb12xAx73w=="
		},
		"align-text": {
			"version": "0.1.4",
			"resolved": "https://registry.npmjs.org/align-text/-/align-text-0.1.4.tgz",
			"integrity": "sha512-GrTZLRpmp6wIC2ztrWW9MjjTgSKccffgFagbNDOX95/dcjEcYZibYTeaOntySQLcdw1ztBoFkviiUvTMbb9MYg==",
			"requires": {
				"kind-of": "^3.0.2",
				"longest": "^1.0.1",
				"repeat-string": "^1.5.2"
			}
		},
		"async": {
			"version": "0.2.10",
			"resolved": "https://registry.npmjs.org/async/-/async-0.2.10.tgz",
			"integrity": "sha512-eAkdoKxU6/LkKDBzLpT+t6Ff5EtfSF4wx1WfJiPEEV7WNLnDaRXk0oVysiEPm262roaachGexwUv94WhSgN5TQ=="
		},
		"camelcase": {
			"version": "1.2.1",
			"resolved": "https://registry.npmjs.org/camelcase/-/camelcase-1.2.1.tgz",
			"integrity": "sha512-wzLkDa4K/mzI1OSITC+DUyjgIl/ETNHE9QvYgy6J6Jvqyyz4C0Xfd+lQhb19sX2jMpZV4IssUn0VDVmglV+s4g=="
		},
		"center-align": {
			"version": "0.1.3",
			"resolved": "https://registry.npmjs.org/center-align/-/center-align-0.1.3.tgz",
			"integrity": "sha512-Baz3aNe2gd2LP2qk5U+sDk/m4oSuwSDcBfayTCTBoWpfIGO5XFxPmjILQII4NGiZjD6DoDI6kf7gKaxkf7s3VQ==",
			"requires": {
				"align-text": "^0.1.3",
				"lazy-cache": "^1.0.3"
			}
		},
		"cliui": {
			"version": "2.1.0",
			"resolved": "https://registry.npmjs.org/cliui/-/cliui-2.1.0.tgz",
			"integrity": "sha512-GIOYRizG+TGoc7Wgc1LiOTLare95R3mzKgoln+Q/lE4ceiYH19gUpl0l0Ffq4lJDEf3FxujMe6IBfOCs7pfqNA==",
			"requires": {
				"center-align": "^0.1.1",
				"right-align": "^0.1.1",
				"wordwrap": "0.0.2"
			}
		},
		"decamelize": {
			"version": "1.2.0",
			"resolved": "https://registry.npmjs.org/decamelize/-/decamelize-1.2.0.tgz",
			"integrity": "sha512-z2S+W9X73hAUUki+N+9Za2lBlun89zigOyGrsax+KUQ6wKW4ZoWpEYBkGhQjwAjjDCkWxhY0VKEhk8wzY7F5cA=="
		},
		"ejson": {
			"version": "2.2.3",
			"resolved": "https://registry.npmjs.org/ejson/-/ejson-2.2.3.tgz",
			"integrity": "sha512-hsFvJp6OpGxFRQfBR3PSxFpaPALdHDY+SB3TRbMpLWNhvu8GzLiZutof5+/DFd2QekZo3KyXau75ngdJqQUSrw=="
		},
		"is-buffer": {
			"version": "1.1.6",
			"resolved": "https://registry.npmjs.org/is-buffer/-/is-buffer-1.1.6.tgz",
			"integrity": "sha512-NcdALwpXkTm5Zvvbk7owOUSvVvBKDgKP5/ewfXEznmQFfs4ZRmanOeKBTjRVjka3QFoN6XJ+9F3USqfHqTaU5w=="
		},
		"kind-of": {
			"version": "3.2.2",
			"resolved": "https://registry.npmjs.org/kind-of/-/kind-of-3.2.2.tgz",
			"integrity": "sha512-NOW9QQXMoZGg/oqnVNoNTTIFEIid1627WCffUBJEdMxYApq7mNE7CpzucIPc+ZQg25Phej7IJSmX3hO+oblOtQ==",
			"requires": {
				"is-buffer": "^1.1.5"
			}
		},
		"lazy-cache": {
			"version": "1.0.4",
			"resolved": "https://registry.npmjs.org/lazy-cache/-/lazy-cache-1.0.4.tgz",
			"integrity": "sha512-RE2g0b5VGZsOCFOCgP7omTRYFqydmZkBwl5oNnQ1lDYC57uyO9KqNnNVxT7COSHTxrRCWVcAVOcbjk+tvh/rgQ=="
		},
		"longest": {
			"version": "1.0.1",
			"resolved": "https://registry.npmjs.org/longest/-/longest-1.0.1.tgz",
			"integrity": "sha512-k+yt5n3l48JU4k8ftnKG6V7u32wyH2NfKzeMto9F/QRE0amxy/LayxwlvjjkZEIzqR+19IrtFO8p5kB9QaYUFg=="
		},
		"repeat-string": {
			"version": "1.6.1",
			"resolved": "https://registry.npmjs.org/repeat-string/-/repeat-string-1.6.1.tgz",
			"integrity": "sha512-PV0dzCYDNfRi1jCDbJzpW7jNNDRuCOG/jI5ctQcGKt/clZD+YcPS3yIlWuTJMmESC8aevCFmWJy5wjAFgNqN6w=="
		},
		"right-align": {
			"version": "0.1.3",
			"resolved": "https://registry.npmjs.org/right-align/-/right-align-0.1.3.tgz",
			"integrity": "sha512-yqINtL/G7vs2v+dFIZmFUDbnVyFUJFKd6gK22Kgo6R4jfJGFtisKyncWDDULgjfqf4ASQuIQyjJ7XZ+3aWpsAg==",
			"requires": {
				"align-text": "^0.1.1"
			}
		},
		"setasap": {
			"version": "2.0.1",
			"resolved": "https://registry.npmjs.org/setasap/-/setasap-2.0.1.tgz",
			"integrity": "sha512-DsoqaT3/BB0FTXi8DGMoJse2SGYkUTkOQaCjBx/DJSodGN2EE/rHU9CyJ7H1mYGMyzJvwUlgJQTI4twRg5QY3g=="
		},
		"source-map": {
			"version": "0.5.7",
			"resolved": "https://registry.npmjs.org/source-map/-/source-map-0.5.7.tgz",
			"integrity": "sha512-LbrmJOMUSdEVxIKvdcJzQC+nQhe8FUZQTXQy6+I75skNgn3OoQ0DZA8YnFa7gp8tqtL3KPf1kmo0R5DoApeSGQ=="
		},
		"uglify-js": {
			"version": "2.7.5",
			"resolved": "https://registry.npmjs.org/uglify-js/-/uglify-js-2.7.5.tgz",
			"integrity": "sha512-RvbIYn4DIadCg1MV7YP7OrpxnVrtEieZzbK0KSQvwWGAHojqWJxInkQhmtYGRo9PTwwkJkljIgzMyA1VitEc4Q==",
			"requires": {
				"async": "~0.2.6",
				"source-map": "~0.5.1",
				"uglify-to-browserify": "~1.0.0",
				"yargs": "~3.10.0"
			}
		},
		"uglify-to-browserify": {
			"version": "1.0.2",
			"resolved": "https://registry.npmjs.org/uglify-to-browserify/-/uglify-to-browserify-1.0.2.tgz",
			"integrity": "sha512-vb2s1lYx2xBtUgy+ta+b2J/GLVUR+wmpINwHePmPRhOsIVCG2wDzKJ0n14GslH1BifsqVzSOwQhRaCAsZ/nI4Q=="
		},
		"vscode-jsonrpc": {
			"version": "6.0.0",
			"resolved": "https://registry.npmjs.org/vscode-jsonrpc/-/vscode-jsonrpc-6.0.0.tgz",
			"integrity": "sha512-wnJA4BnEjOSyFMvjZdpiOwhSq9uDoK8e/kpRJDTaMYzwlkrhG1fwDIZI94CLsLzlCK5cIbMMtFlJlfR57Lavmg=="
		},
		"vscode-languageserver": {
			"version": "7.0.0",
			"resolved": "https://registry.npmjs.org/vscode-languageserver/-/vscode-languageserver-7.0.0.tgz",
			"integrity": "sha512-60HTx5ID+fLRcgdHfmz0LDZAXYEV68fzwG0JWwEPBode9NuMYTIxuYXPg4ngO8i8+Ou0lM7y6GzaYWbiDL0drw==",
			"requires": {
				"vscode-languageserver-protocol": "3.16.0"
			}
		},
		"vscode-languageserver-protocol": {
			"version": "3.16.0",
			"resolved": "https://registry.npmjs.org/vscode-languageserver-protocol/-/vscode-languageserver-protocol-3.16.0.tgz",
			"integrity": "sha512-sdeUoAawceQdgIfTI+sdcwkiK2KU+2cbEYA0agzM2uqaUy2UpnnGHtWTHVEtS0ES4zHU0eMFRGN+oQgDxlD66A==",
			"requires": {
				"vscode-jsonrpc": "6.0.0",
				"vscode-languageserver-types": "3.16.0"
			}
		},
		"vscode-languageserver-textdocument": {
			"version": "1.0.7",
			"resolved": "https://registry.npmjs.org/vscode-languageserver-textdocument/-/vscode-languageserver-textdocument-1.0.7.tgz",
			"integrity": "sha512-bFJH7UQxlXT8kKeyiyu41r22jCZXG8kuuVVA33OEJn1diWOZK5n8zBSPZFHVBOu8kXZ6h0LIRhf5UnCo61J4Hg=="
		},
		"vscode-languageserver-types": {
			"version": "3.16.0",
			"resolved": "https://registry.npmjs.org/vscode-languageserver-types/-/vscode-languageserver-types-3.16.0.tgz",
			"integrity": "sha512-k8luDIWJWyenLc5ToFQQMaSrqCHiLwyKPHKPQZ5zz21vM+vIVUSvsRpcbiECH4WR88K2XZqc4ScRcZ7nk/jbeA=="
		},
		"vscode-uri": {
			"version": "3.0.6",
			"resolved": "https://registry.npmjs.org/vscode-uri/-/vscode-uri-3.0.6.tgz",
			"integrity": "sha512-fmL7V1eiDBFRRnu+gfRWTzyPpNIHJTc4mWnFkwBUmO9U3KPgJAmTx7oxi2bl/Rh6HLdU7+4C9wlj0k2E4AdKFQ=="
		},
		"window-size": {
			"version": "0.1.0",
			"resolved": "https://registry.npmjs.org/window-size/-/window-size-0.1.0.tgz",
			"integrity": "sha512-1pTPQDKTdd61ozlKGNCjhNRd+KPmgLSGa3mZTHoOliaGcESD8G1PXhh7c1fgiPjVbNVfgy2Faw4BI8/m0cC8Mg=="
		},
		"wordwrap": {
			"version": "0.0.2",
			"resolved": "https://registry.npmjs.org/wordwrap/-/wordwrap-0.0.2.tgz",
			"integrity": "sha512-xSBsCeh+g+dinoBv3GAOWM4LcVVO68wLXRanibtBSdUvkGWQRGeE9P7IwU9EmDDi4jA6L44lz15CGMwdw9N5+Q=="
		},
		"yargs": {
			"version": "3.10.0",
			"resolved": "https://registry.npmjs.org/yargs/-/yargs-3.10.0.tgz",
			"integrity": "sha512-QFzUah88GAGy9lyDKGBqZdkYApt63rCXYBGYnEP4xDJPXNqXXnBDACnbrXnViV6jRSqAePwrATi2i8mfYm4L1A==",
			"requires": {
				"camelcase": "^1.0.2",
				"cliui": "^2.1.0",
				"decamelize": "^1.0.0",
				"window-size": "0.1.0"
			}
		}
	}
}
